
Microsoft Visual Studio Solution File, Format Version 12.00
# Visual Studio Version 17
VisualStudioVersion = 17.6.33815.320
MinimumVisualStudioVersion = 10.0.40219.1
Project("{FAE04EC0-301F-11D3-BF4B-00C04F79EFBC}") = "BlazorClass", "BlazorClass\BlazorClass.csproj", "{D0EA73C2-82D4-4921-BC22-4C182EA894FE}"
EndProject
Global
	GlobalSection(SolutionConfigurationPlatforms) = preSolution
		Debug|Any CPU = Debug|Any CPU
		Release|Any CPU = Release|Any CPU
	EndGlobalSection
	GlobalSection(ProjectConfigurationPlatforms) = postSolution
		{D0EA73C2-82D4-4921-BC22-4C182EA894FE}.Debug|Any CPU.ActiveCfg = Debug|Any CPU
		{D0EA73C2-82D4-4921-BC22-4C182EA894FE}.Debug|Any CPU.Build.0 = Debug|Any CPU
		{D0EA73C2-82D4-4921-BC22-4C182EA894FE}.Release|Any CPU.ActiveCfg = Release|Any CPU
		{D0EA73C2-82D4-4921-BC22-4C182EA894FE}.Release|Any CPU.Build.0 = Release|Any CPU
	EndGlobalSection
	GlobalSection(SolutionProperties) = preSolution
		HideSolutionNode = FALSE
	EndGlobalSection
	GlobalSection(ExtensibilityGlobals) = postSolution
		SolutionGuid = {AE7FF1B9-15F6-486C-8AF7-D26865D5C537}
	EndGlobalSection
EndGlobal
